// !$*UTF8*$!
{
	archiveVersion = 1;
	classes = {
	};
	objectVersion = 46;
	objects = {

/* Begin PBXBuildFile section */
		BED953C81B4B510000C1BF9F /* main.m in Sources */ = {isa = PBXBuildFile; fileRef = BED953C71B4B510000C1BF9F /* main.m */; };
		BED953CB1B4B510000C1BF9F /* AppDelegate.m in Sources */ = {isa = PBXBuildFile; fileRef = BED953CA1B4B510000C1BF9F /* AppDelegate.m */; };
		BED953D31B4B510000C1BF9F /* Images.xcassets in Resources */ = {isa = PBXBuildFile; fileRef = BED953D21B4B510000C1BF9F /* Images.xcassets */; };
		BED953E21B4B510000C1BF9F /* TranslatorTests.m in Sources */ = {isa = PBXBuildFile; fileRef = BED953E11B4B510000C1BF9F /* TranslatorTests.m */; };
		BED953EE1B4B529100C1BF9F /* AppController.m in Sources */ = {isa = PBXBuildFile; fileRef = BED953ED1B4B529100C1BF9F /* AppController.m */; };
		BED954101B4B895200C1BF9F /* UIViewController+AppController.m in Sources */ = {isa = PBXBuildFile; fileRef = BED9540F1B4B895200C1BF9F /* UIViewController+AppController.m */; };
		BED954191B4B90E100C1BF9F /* TranslatorMainTableViewController.m in Sources */ = {isa = PBXBuildFile; fileRef = BED954171B4B90E100C1BF9F /* TranslatorMainTableViewController.m */; };
		BED9541A1B4B90E100C1BF9F /* TranslatorMainTableViewController.xib in Resources */ = {isa = PBXBuildFile; fileRef = BED954181B4B90E100C1BF9F /* TranslatorMainTableViewController.xib */; };
		BED9541D1B4B91D000C1BF9F /* Localizable.strings in Resources */ = {isa = PBXBuildFile; fileRef = BED9541F1B4B91D000C1BF9F /* Localizable.strings */; };
		BED954251B4B943B00C1BF9F /* NSDictionary+PathExtension.m in Sources */ = {isa = PBXBuildFile; fileRef = BED954241B4B943B00C1BF9F /* NSDictionary+PathExtension.m */; };
		BED954291B4B94D300C1BF9F /* TranslatorHeaderTableViewCell.m in Sources */ = {isa = PBXBuildFile; fileRef = BED954271B4B94D300C1BF9F /* TranslatorHeaderTableViewCell.m */; };
		BED9542A1B4B94D300C1BF9F /* TranslatorHeaderTableViewCell.xib in Resources */ = {isa = PBXBuildFile; fileRef = BED954281B4B94D300C1BF9F /* TranslatorHeaderTableViewCell.xib */; };
		BED954331B4BB1F500C1BF9F /* search_button.png in Resources */ = {isa = PBXBuildFile; fileRef = BED954321B4BB1F500C1BF9F /* search_button.png */; };
		BED9543B1B4BBBFA00C1BF9F /* DropDownArrowView.m in Sources */ = {isa = PBXBuildFile; fileRef = BED9543A1B4BBBFA00C1BF9F /* DropDownArrowView.m */; };
		BED9543E1B4BBC8600C1BF9F /* PickerTextField.m in Sources */ = {isa = PBXBuildFile; fileRef = BED9543D1B4BBC8600C1BF9F /* PickerTextField.m */; };
		BED954401B4BCA6000C1BF9F /* Properties.plist in Resources */ = {isa = PBXBuildFile; fileRef = BED9543F1B4BCA6000C1BF9F /* Properties.plist */; };
		BED954431B4BCB9F00C1BF9F /* AppPref.m in Sources */ = {isa = PBXBuildFile; fileRef = BED954421B4BCB9F00C1BF9F /* AppPref.m */; };
/* End PBXBuildFile section */

/* Begin PBXContainerItemProxy section */
		BED953DC1B4B510000C1BF9F /* PBXContainerItemProxy */ = {
			isa = PBXContainerItemProxy;
			containerPortal = BED953BA1B4B510000C1BF9F /* Project object */;
			proxyType = 1;
			remoteGlobalIDString = BED953C11B4B510000C1BF9F;
			remoteInfo = Translator;
		};
/* End PBXContainerItemProxy section */

/* Begin PBXFileReference section */
		BED953C21B4B510000C1BF9F /* Translator.app */ = {isa = PBXFileReference; explicitFileType = wrapper.application; includeInIndex = 0; path = Translator.app; sourceTree = BUILT_PRODUCTS_DIR; };
		BED953C61B4B510000C1BF9F /* Info.plist */ = {isa = PBXFileReference; lastKnownFileType = text.plist.xml; path = Info.plist; sourceTree = "<group>"; };
		BED953C71B4B510000C1BF9F /* main.m */ = {isa = PBXFileReference; lastKnownFileType = sourcecode.c.objc; path = main.m; sourceTree = "<group>"; };
		BED953C91B4B510000C1BF9F /* AppDelegate.h */ = {isa = PBXFileReference; lastKnownFileType = sourcecode.c.h; path = AppDelegate.h; sourceTree = "<group>"; };
		BED953CA1B4B510000C1BF9F /* AppDelegate.m */ = {isa = PBXFileReference; lastKnownFileType = sourcecode.c.objc; path = AppDelegate.m; sourceTree = "<group>"; };
		BED953D21B4B510000C1BF9F /* Images.xcassets */ = {isa = PBXFileReference; lastKnownFileType = folder.assetcatalog; path = Images.xcassets; sourceTree = "<group>"; };
		BED953DB1B4B510000C1BF9F /* TranslatorTests.xctest */ = {isa = PBXFileReference; explicitFileType = wrapper.cfbundle; includeInIndex = 0; path = TranslatorTests.xctest; sourceTree = BUILT_PRODUCTS_DIR; };
		BED953E01B4B510000C1BF9F /* Info.plist */ = {isa = PBXFileReference; lastKnownFileType = text.plist.xml; path = Info.plist; sourceTree = "<group>"; };
		BED953E11B4B510000C1BF9F /* TranslatorTests.m */ = {isa = PBXFileReference; lastKnownFileType = sourcecode.c.objc; path = TranslatorTests.m; sourceTree = "<group>"; };
		BED953EC1B4B529100C1BF9F /* AppController.h */ = {isa = PBXFileReference; fileEncoding = 4; lastKnownFileType = sourcecode.c.h; path = AppController.h; sourceTree = "<group>"; };
		BED953ED1B4B529100C1BF9F /* AppController.m */ = {isa = PBXFileReference; fileEncoding = 4; lastKnownFileType = sourcecode.c.objc; path = AppController.m; sourceTree = "<group>"; };
		BED9540E1B4B895200C1BF9F /* UIViewController+AppController.h */ = {isa = PBXFileReference; fileEncoding = 4; lastKnownFileType = sourcecode.c.h; path = "UIViewController+AppController.h"; sourceTree = "<group>"; };
		BED9540F1B4B895200C1BF9F /* UIViewController+AppController.m */ = {isa = PBXFileReference; fileEncoding = 4; lastKnownFileType = sourcecode.c.objc; path = "UIViewController+AppController.m"; sourceTree = "<group>"; };
		BED954161B4B90E100C1BF9F /* TranslatorMainTableViewController.h */ = {isa = PBXFileReference; fileEncoding = 4; lastKnownFileType = sourcecode.c.h; path = TranslatorMainTableViewController.h; sourceTree = "<group>"; };
		BED954171B4B90E100C1BF9F /* TranslatorMainTableViewController.m */ = {isa = PBXFileReference; fileEncoding = 4; lastKnownFileType = sourcecode.c.objc; path = TranslatorMainTableViewController.m; sourceTree = "<group>"; };
		BED954181B4B90E100C1BF9F /* TranslatorMainTableViewController.xib */ = {isa = PBXFileReference; fileEncoding = 4; lastKnownFileType = file.xib; path = TranslatorMainTableViewController.xib; sourceTree = "<group>"; };
		BED9541E1B4B91D000C1BF9F /* en */ = {isa = PBXFileReference; lastKnownFileType = text.plist.strings; name = en; path = en.lproj/Localizable.strings; sourceTree = "<group>"; };
		BED954221B4B92AF00C1BF9F /* zh-Hans */ = {isa = PBXFileReference; lastKnownFileType = text.plist.strings; name = "zh-Hans"; path = "zh-Hans.lproj/Localizable.strings"; sourceTree = "<group>"; };
		BED954231B4B941A00C1BF9F /* NSDictionary+PathExtension.h */ = {isa = PBXFileReference; lastKnownFileType = sourcecode.c.h; path = "NSDictionary+PathExtension.h"; sourceTree = "<group>"; };
		BED954241B4B943B00C1BF9F /* NSDictionary+PathExtension.m */ = {isa = PBXFileReference; fileEncoding = 4; lastKnownFileType = sourcecode.c.objc; path = "NSDictionary+PathExtension.m"; sourceTree = "<group>"; };
		BED954261B4B94D300C1BF9F /* TranslatorHeaderTableViewCell.h */ = {isa = PBXFileReference; fileEncoding = 4; lastKnownFileType = sourcecode.c.h; path = TranslatorHeaderTableViewCell.h; sourceTree = "<group>"; };
		BED954271B4B94D300C1BF9F /* TranslatorHeaderTableViewCell.m */ = {isa = PBXFileReference; fileEncoding = 4; lastKnownFileType = sourcecode.c.objc; path = TranslatorHeaderTableViewCell.m; sourceTree = "<group>"; };
		BED954281B4B94D300C1BF9F /* TranslatorHeaderTableViewCell.xib */ = {isa = PBXFileReference; fileEncoding = 4; lastKnownFileType = file.xib; path = TranslatorHeaderTableViewCell.xib; sourceTree = "<group>"; };
		BED954321B4BB1F500C1BF9F /* search_button.png */ = {isa = PBXFileReference; lastKnownFileType = image.png; path = search_button.png; sourceTree = "<group>"; };
		BED954391B4BBBFA00C1BF9F /* DropDownArrowView.h */ = {isa = PBXFileReference; fileEncoding = 4; lastKnownFileType = sourcecode.c.h; path = DropDownArrowView.h; sourceTree = "<group>"; };
		BED9543A1B4BBBFA00C1BF9F /* DropDownArrowView.m */ = {isa = PBXFileReference; fileEncoding = 4; lastKnownFileType = sourcecode.c.objc; path = DropDownArrowView.m; sourceTree = "<group>"; };
		BED9543C1B4BBC8600C1BF9F /* PickerTextField.h */ = {isa = PBXFileReference; fileEncoding = 4; lastKnownFileType = sourcecode.c.h; path = PickerTextField.h; sourceTree = "<group>"; };
		BED9543D1B4BBC8600C1BF9F /* PickerTextField.m */ = {isa = PBXFileReference; fileEncoding = 4; lastKnownFileType = sourcecode.c.objc; path = PickerTextField.m; sourceTree = "<group>"; };
		BED9543F1B4BCA6000C1BF9F /* Properties.plist */ = {isa = PBXFileReference; fileEncoding = 4; lastKnownFileType = text.plist.xml; path = Properties.plist; sourceTree = "<group>"; };
		BED954411B4BCB9F00C1BF9F /* AppPref.h */ = {isa = PBXFileReference; fileEncoding = 4; lastKnownFileType = sourcecode.c.h; path = AppPref.h; sourceTree = "<group>"; };
		BED954421B4BCB9F00C1BF9F /* AppPref.m */ = {isa = PBXFileReference; fileEncoding = 4; lastKnownFileType = sourcecode.c.objc; path = AppPref.m; sourceTree = "<group>"; };
/* End PBXFileReference section */

/* Begin PBXFrameworksBuildPhase section */
		BED953BF1B4B510000C1BF9F /* Frameworks */ = {
			isa = PBXFrameworksBuildPhase;
			buildActionMask = 2147483647;
			files = (
			);
			runOnlyForDeploymentPostprocessing = 0;
		};
		BED953D81B4B510000C1BF9F /* Frameworks */ = {
			isa = PBXFrameworksBuildPhase;
			buildActionMask = 2147483647;
			files = (
			);
			runOnlyForDeploymentPostprocessing = 0;
		};
/* End PBXFrameworksBuildPhase section */

/* Begin PBXGroup section */
		BED953B91B4B510000C1BF9F = {
			isa = PBXGroup;
			children = (
				BED953C41B4B510000C1BF9F /* Translator */,
				BED953DE1B4B510000C1BF9F /* TranslatorTests */,
				BED953C31B4B510000C1BF9F /* Products */,
			);
			sourceTree = "<group>";
		};
		BED953C31B4B510000C1BF9F /* Products */ = {
			isa = PBXGroup;
			children = (
				BED953C21B4B510000C1BF9F /* Translator.app */,
				BED953DB1B4B510000C1BF9F /* TranslatorTests.xctest */,
			);
			name = Products;
			sourceTree = "<group>";
		};
		BED953C41B4B510000C1BF9F /* Translator */ = {
			isa = PBXGroup;
			children = (
				BED954381B4BBBB800C1BF9F /* UI */,
				BED954311B4BB1BB00C1BF9F /* Resources */,
				BED954151B4B906000C1BF9F /* TranslatorMainViewController */,
				BED953EB1B4B520300C1BF9F /* Extensions */,
				BED953C91B4B510000C1BF9F /* AppDelegate.h */,
				BED953CA1B4B510000C1BF9F /* AppDelegate.m */,
				BED953D21B4B510000C1BF9F /* Images.xcassets */,
				BED953C51B4B510000C1BF9F /* Supporting Files */,
				BED953EC1B4B529100C1BF9F /* AppController.h */,
				BED953ED1B4B529100C1BF9F /* AppController.m */,
				BED954411B4BCB9F00C1BF9F /* AppPref.h */,
				BED954421B4BCB9F00C1BF9F /* AppPref.m */,
			);
			path = Translator;
			sourceTree = "<group>";
		};
		BED953C51B4B510000C1BF9F /* Supporting Files */ = {
			isa = PBXGroup;
			children = (
				BED953C61B4B510000C1BF9F /* Info.plist */,
				BED953C71B4B510000C1BF9F /* main.m */,
				BED9541F1B4B91D000C1BF9F /* Localizable.strings */,
			);
			name = "Supporting Files";
			sourceTree = "<group>";
		};
		BED953DE1B4B510000C1BF9F /* TranslatorTests */ = {
			isa = PBXGroup;
			children = (
				BED953E11B4B510000C1BF9F /* TranslatorTests.m */,
				BED953DF1B4B510000C1BF9F /* Supporting Files */,
			);
			path = TranslatorTests;
			sourceTree = "<group>";
		};
		BED953DF1B4B510000C1BF9F /* Supporting Files */ = {
			isa = PBXGroup;
			children = (
				BED953E01B4B510000C1BF9F /* Info.plist */,
			);
			name = "Supporting Files";
			sourceTree = "<group>";
		};
		BED953EB1B4B520300C1BF9F /* Extensions */ = {
			isa = PBXGroup;
			children = (
				BED9540E1B4B895200C1BF9F /* UIViewController+AppController.h */,
				BED9540F1B4B895200C1BF9F /* UIViewController+AppController.m */,
				BED954231B4B941A00C1BF9F /* NSDictionary+PathExtension.h */,
				BED954241B4B943B00C1BF9F /* NSDictionary+PathExtension.m */,
			);
			path = Extensions;
			sourceTree = "<group>";
		};
		BED954151B4B906000C1BF9F /* TranslatorMainViewController */ = {
			isa = PBXGroup;
			children = (
				BED954161B4B90E100C1BF9F /* TranslatorMainTableViewController.h */,
				BED954171B4B90E100C1BF9F /* TranslatorMainTableViewController.m */,
				BED954181B4B90E100C1BF9F /* TranslatorMainTableViewController.xib */,
				BED954261B4B94D300C1BF9F /* TranslatorHeaderTableViewCell.h */,
				BED954271B4B94D300C1BF9F /* TranslatorHeaderTableViewCell.m */,
				BED954281B4B94D300C1BF9F /* TranslatorHeaderTableViewCell.xib */,
			);
			path = TranslatorMainViewController;
			sourceTree = "<group>";
		};
		BED954311B4BB1BB00C1BF9F /* Resources */ = {
			isa = PBXGroup;
			children = (
				BED954321B4BB1F500C1BF9F /* search_button.png */,
				BED9543F1B4BCA6000C1BF9F /* Properties.plist */,
			);
			path = Resources;
			sourceTree = "<group>";
		};
		BED954381B4BBBB800C1BF9F /* UI */ = {
			isa = PBXGroup;
			children = (
				BED954391B4BBBFA00C1BF9F /* DropDownArrowView.h */,
				BED9543A1B4BBBFA00C1BF9F /* DropDownArrowView.m */,
				BED9543C1B4BBC8600C1BF9F /* PickerTextField.h */,
				BED9543D1B4BBC8600C1BF9F /* PickerTextField.m */,
			);
			path = UI;
			sourceTree = "<group>";
		};
/* End PBXGroup section */

/* Begin PBXNativeTarget section */
		BED953C11B4B510000C1BF9F /* Translator */ = {
			isa = PBXNativeTarget;
			buildConfigurationList = BED953E51B4B510000C1BF9F /* Build configuration list for PBXNativeTarget "Translator" */;
			buildPhases = (
				BED953BE1B4B510000C1BF9F /* Sources */,
				BED953BF1B4B510000C1BF9F /* Frameworks */,
				BED953C01B4B510000C1BF9F /* Resources */,
			);
			buildRules = (
			);
			dependencies = (
			);
			name = Translator;
			productName = Translator;
			productReference = BED953C21B4B510000C1BF9F /* Translator.app */;
			productType = "com.apple.product-type.application";
		};
		BED953DA1B4B510000C1BF9F /* TranslatorTests */ = {
			isa = PBXNativeTarget;
			buildConfigurationList = BED953E81B4B510000C1BF9F /* Build configuration list for PBXNativeTarget "TranslatorTests" */;
			buildPhases = (
				BED953D71B4B510000C1BF9F /* Sources */,
				BED953D81B4B510000C1BF9F /* Frameworks */,
				BED953D91B4B510000C1BF9F /* Resources */,
			);
			buildRules = (
			);
			dependencies = (
				BED953DD1B4B510000C1BF9F /* PBXTargetDependency */,
			);
			name = TranslatorTests;
			productName = TranslatorTests;
			productReference = BED953DB1B4B510000C1BF9F /* TranslatorTests.xctest */;
			productType = "com.apple.product-type.bundle.unit-test";
		};
/* End PBXNativeTarget section */

/* Begin PBXProject section */
		BED953BA1B4B510000C1BF9F /* Project object */ = {
			isa = PBXProject;
			attributes = {
				LastUpgradeCheck = 0640;
				ORGANIZATIONNAME = "Kevin Mun Kuang Tzer";
				TargetAttributes = {
					BED953C11B4B510000C1BF9F = {
						CreatedOnToolsVersion = 6.4;
					};
					BED953DA1B4B510000C1BF9F = {
						CreatedOnToolsVersion = 6.4;
						TestTargetID = BED953C11B4B510000C1BF9F;
					};
				};
			};
			buildConfigurationList = BED953BD1B4B510000C1BF9F /* Build configuration list for PBXProject "Translator" */;
			compatibilityVersion = "Xcode 3.2";
			developmentRegion = English;
			hasScannedForEncodings = 0;
			knownRegions = (
				en,
				Base,
				"zh-Hans",
			);
			mainGroup = BED953B91B4B510000C1BF9F;
			productRefGroup = BED953C31B4B510000C1BF9F /* Products */;
			projectDirPath = "";
			projectRoot = "";
			targets = (
				BED953C11B4B510000C1BF9F /* Translator */,
				BED953DA1B4B510000C1BF9F /* TranslatorTests */,
			);
		};
/* End PBXProject section */

/* Begin PBXResourcesBuildPhase section */
		BED953C01B4B510000C1BF9F /* Resources */ = {
			isa = PBXResourcesBuildPhase;
			buildActionMask = 2147483647;
			files = (
				BED9542A1B4B94D300C1BF9F /* TranslatorHeaderTableViewCell.xib in Resources */,
				BED9541A1B4B90E100C1BF9F /* TranslatorMainTableViewController.xib in Resources */,
				BED9541D1B4B91D000C1BF9F /* Localizable.strings in Resources */,
				BED953D31B4B510000C1BF9F /* Images.xcassets in Resources */,
				BED954331B4BB1F500C1BF9F /* search_button.png in Resources */,
				BED954401B4BCA6000C1BF9F /* Properties.plist in Resources */,
			);
			runOnlyForDeploymentPostprocessing = 0;
		};
		BED953D91B4B510000C1BF9F /* Resources */ = {
			isa = PBXResourcesBuildPhase;
			buildActionMask = 2147483647;
			files = (
			);
			runOnlyForDeploymentPostprocessing = 0;
		};
/* End PBXResourcesBuildPhase section */

/* Begin PBXSourcesBuildPhase section */
		BED953BE1B4B510000C1BF9F /* Sources */ = {
			isa = PBXSourcesBuildPhase;
			buildActionMask = 2147483647;
			files = (
				BED954431B4BCB9F00C1BF9F /* AppPref.m in Sources */,
				BED953CB1B4B510000C1BF9F /* AppDelegate.m in Sources */,
				BED9543B1B4BBBFA00C1BF9F /* DropDownArrowView.m in Sources */,
				BED954291B4B94D300C1BF9F /* TranslatorHeaderTableViewCell.m in Sources */,
				BED953EE1B4B529100C1BF9F /* AppController.m in Sources */,
				BED9543E1B4BBC8600C1BF9F /* PickerTextField.m in Sources */,
				BED953C81B4B510000C1BF9F /* main.m in Sources */,
				BED954251B4B943B00C1BF9F /* NSDictionary+PathExtension.m in Sources */,
				BED954191B4B90E100C1BF9F /* TranslatorMainTableViewController.m in Sources */,
				BED954101B4B895200C1BF9F /* UIViewController+AppController.m in Sources */,
			);
			runOnlyForDeploymentPostprocessing = 0;
		};
		BED953D71B4B510000C1BF9F /* Sources */ = {
			isa = PBXSourcesBuildPhase;
			buildActionMask = 2147483647;
			files = (
				BED953E21B4B510000C1BF9F /* TranslatorTests.m in Sources */,
			);
			runOnlyForDeploymentPostprocessing = 0;
		};
/* End PBXSourcesBuildPhase section */

/* Begin PBXTargetDependency section */
		BED953DD1B4B510000C1BF9F /* PBXTargetDependency */ = {
			isa = PBXTargetDependency;
			target = BED953C11B4B510000C1BF9F /* Translator */;
			targetProxy = BED953DC1B4B510000C1BF9F /* PBXContainerItemProxy */;
		};
/* End PBXTargetDependency section */

/* Begin PBXVariantGroup section */
		BED9541F1B4B91D000C1BF9F /* Localizable.strings */ = {
			isa = PBXVariantGroup;
			children = (
				BED9541E1B4B91D000C1BF9F /* en */,
				BED954221B4B92AF00C1BF9F /* zh-Hans */,
			);
			name = Localizable.strings;
			sourceTree = "<group>";
		};
/* End PBXVariantGroup section */

/* Begin XCBuildConfiguration section */
		BED953E31B4B510000C1BF9F /* Debug */ = {
			isa = XCBuildConfiguration;
			buildSettings = {
				ALWAYS_SEARCH_USER_PATHS = NO;
				CLANG_CXX_LANGUAGE_STANDARD = "gnu++0x";
				CLANG_CXX_LIBRARY = "libc++";
				CLANG_ENABLE_MODULES = YES;
				CLANG_ENABLE_OBJC_ARC = YES;
				CLANG_WARN_BOOL_CONVERSION = YES;
				CLANG_WARN_CONSTANT_CONVERSION = YES;
				CLANG_WARN_DIRECT_OBJC_ISA_USAGE = YES_ERROR;
				CLANG_WARN_EMPTY_BODY = YES;
				CLANG_WARN_ENUM_CONVERSION = YES;
				CLANG_WARN_INT_CONVERSION = YES;
				CLANG_WARN_OBJC_ROOT_CLASS = YES_ERROR;
				CLANG_WARN_UNREACHABLE_CODE = YES;
				CLANG_WARN__DUPLICATE_METHOD_MATCH = YES;
				"CODE_SIGN_IDENTITY[sdk=iphoneos*]" = "iPhone Developer";
				COPY_PHASE_STRIP = NO;
				DEBUG_INFORMATION_FORMAT = "dwarf-with-dsym";
				ENABLE_STRICT_OBJC_MSGSEND = YES;
				GCC_C_LANGUAGE_STANDARD = gnu99;
				GCC_DYNAMIC_NO_PIC = NO;
				GCC_NO_COMMON_BLOCKS = YES;
				GCC_OPTIMIZATION_LEVEL = 0;
				GCC_PREPROCESSOR_DEFINITIONS = (
					"DEBUG=1",
					"$(inherited)",
				);
				GCC_SYMBOLS_PRIVATE_EXTERN = NO;
				GCC_WARN_64_TO_32_BIT_CONVERSION = YES;
				GCC_WARN_ABOUT_RETURN_TYPE = YES_ERROR;
				GCC_WARN_UNDECLARED_SELECTOR = YES;
				GCC_WARN_UNINITIALIZED_AUTOS = YES_AGGRESSIVE;
				GCC_WARN_UNUSED_FUNCTION = YES;
				GCC_WARN_UNUSED_VARIABLE = YES;
				IPHONEOS_DEPLOYMENT_TARGET = 8.4;
				MTL_ENABLE_DEBUG_INFO = YES;
				ONLY_ACTIVE_ARCH = YES;
				SDKROOT = iphoneos;
				TARGETED_DEVICE_FAMILY = "1,2";
			};
			name = Debug;
		};
		BED953E41B4B510000C1BF9F /* Release */ = {
			isa = XCBuildConfiguration;
			buildSettings = {
				ALWAYS_SEARCH_USER_PATHS = NO;
				CLANG_CXX_LANGUAGE_STANDARD = "gnu++0x";
				CLANG_CXX_LIBRARY = "libc++";
				CLANG_ENABLE_MODULES = YES;
				CLANG_ENABLE_OBJC_ARC = YES;
				CLANG_WARN_BOOL_CONVERSION = YES;
				CLANG_WARN_CONSTANT_CONVERSION = YES;
				CLANG_WARN_DIRECT_OBJC_ISA_USAGE = YES_ERROR;
				CLANG_WARN_EMPTY_BODY = YES;
				CLANG_WARN_ENUM_CONVERSION = YES;
				CLANG_WARN_INT_CONVERSION = YES;
				CLANG_WARN_OBJC_ROOT_CLASS = YES_ERROR;
				CLANG_WARN_UNREACHABLE_CODE = YES;
				CLANG_WARN__DUPLICATE_METHOD_MATCH = YES;
				"CODE_SIGN_IDENTITY[sdk=iphoneos*]" = "iPhone Developer";
				COPY_PHASE_STRIP = NO;
				DEBUG_INFORMATION_FORMAT = "dwarf-with-dsym";
				ENABLE_NS_ASSERTIONS = NO;
				ENABLE_STRICT_OBJC_MSGSEND = YES;
				GCC_C_LANGUAGE_STANDARD = gnu99;
				GCC_NO_COMMON_BLOCKS = YES;
				GCC_WARN_64_TO_32_BIT_CONVERSION = YES;
				GCC_WARN_ABOUT_RETURN_TYPE = YES_ERROR;
				GCC_WARN_UNDECLARED_SELECTOR = YES;
				GCC_WARN_UNINITIALIZED_AUTOS = YES_AGGRESSIVE;
				GCC_WARN_UNUSED_FUNCTION = YES;
				GCC_WARN_UNUSED_VARIABLE = YES;
				IPHONEOS_DEPLOYMENT_TARGET = 8.4;
				MTL_ENABLE_DEBUG_INFO = NO;
				SDKROOT = iphoneos;
				TARGETED_DEVICE_FAMILY = "1,2";
				VALIDATE_PRODUCT = YES;
			};
			name = Release;
		};
		BED953E61B4B510000C1BF9F /* Debug */ = {
			isa = XCBuildConfiguration;
			buildSettings = {
				ASSETCATALOG_COMPILER_APPICON_NAME = AppIcon;
				ASSETCATALOG_COMPILER_LAUNCHIMAGE_NAME = LaunchImage;
				INFOPLIST_FILE = Translator/Info.plist;
				IPHONEOS_DEPLOYMENT_TARGET = 7.0;
				LD_RUNPATH_SEARCH_PATHS = "$(inherited) @executable_path/Frameworks";
				PRODUCT_NAME = "$(TARGET_NAME)";
			};
			name = Debug;
		};
		BED953E71B4B510000C1BF9F /* Release */ = {
			isa = XCBuildConfiguration;
			buildSettings = {
				ASSETCATALOG_COMPILER_APPICON_NAME = AppIcon;
				ASSETCATALOG_COMPILER_LAUNCHIMAGE_NAME = LaunchImage;
				INFOPLIST_FILE = Translator/Info.plist;
				IPHONEOS_DEPLOYMENT_TARGET = 7.0;
				LD_RUNPATH_SEARCH_PATHS = "$(inherited) @executable_path/Frameworks";
				PRODUCT_NAME = "$(TARGET_NAME)";
			};
			name = Release;
		};
		BED953E91B4B510000C1BF9F /* Debug */ = {
			isa = XCBuildConfiguration;
			buildSettings = {
				BUNDLE_LOADER = "$(TEST_HOST)";
				FRAMEWORK_SEARCH_PATHS = (
					"$(SDKROOT)/Developer/Library/Frameworks",
					"$(inherited)",
				);
				GCC_PREPROCESSOR_DEFINITIONS = (
					"DEBUG=1",
					"$(inherited)",
				);
				INFOPLIST_FILE = TranslatorTests/Info.plist;
				LD_RUNPATH_SEARCH_PATHS = "$(inherited) @executable_path/Frameworks @loader_path/Frameworks";
				PRODUCT_NAME = "$(TARGET_NAME)";
				TEST_HOST = "$(BUILT_PRODUCTS_DIR)/Translator.app/Translator";
			};
			name = Debug;
		};
		BED953EA1B4B510000C1BF9F /* Release */ = {
			isa = XCBuildConfiguration;
			buildSettings = {
				BUNDLE_LOADER = "$(TEST_HOST)";
				FRAMEWORK_SEARCH_PATHS = (
					"$(SDKROOT)/Developer/Library/Frameworks",
					"$(inherited)",
				);
				INFOPLIST_FILE = TranslatorTests/Info.plist;
				LD_RUNPATH_SEARCH_PATHS = "$(inherited) @executable_path/Frameworks @loader_path/Frameworks";
				PRODUCT_NAME = "$(TARGET_NAME)";
				TEST_HOST = "$(BUILT_PRODUCTS_DIR)/Translator.app/Translator";
			};
			name = Release;
		};
/* End XCBuildConfiguration section */

/* Begin XCConfigurationList section */
		BED953BD1B4B510000C1BF9F /* Build configuration list for PBXProject "Translator" */ = {
			isa = XCConfigurationList;
			buildConfigurations = (
				BED953E31B4B510000C1BF9F /* Debug */,
				BED953E41B4B510000C1BF9F /* Release */,
			);
			defaultConfigurationIsVisible = 0;
			defaultConfigurationName = Release;
		};
		BED953E51B4B510000C1BF9F /* Build configuration list for PBXNativeTarget "Translator" */ = {
			isa = XCConfigurationList;
			buildConfigurations = (
				BED953E61B4B510000C1BF9F /* Debug */,
				BED953E71B4B510000C1BF9F /* Release */,
			);
			defaultConfigurationIsVisible = 0;
		};
		BED953E81B4B510000C1BF9F /* Build configuration list for PBXNativeTarget "TranslatorTests" */ = {
			isa = XCConfigurationList;
			buildConfigurations = (
				BED953E91B4B510000C1BF9F /* Debug */,
				BED953EA1B4B510000C1BF9F /* Release */,
			);
			defaultConfigurationIsVisible = 0;
		};
/* End XCConfigurationList section */
	};
	rootObject = BED953BA1B4B510000C1BF9F /* Project object */;
}
